
Microsoft Visual Studio Solution File, Format Version 12.00
# Visual Studio Version 16
VisualStudioVersion = 16.0.34031.81
MinimumVisualStudioVersion = 10.0.40219.1
Project("{2150E333-8FDC-42A3-9474-1A3956D46DE8}") = "Task0", "Task0", "{A96C9C64-CF66-4E4A-BC4D-680D22DB88A8}"
EndProject
Project("{FAE04EC0-301F-11D3-BF4B-00C04F79EFBC}") = "Tyuiu.KubrikND.Sprint0.Task0.V0", "Tyuiu.KubrikND.Sprint0.Task0.V0\Tyuiu.KubrikND.Sprint0.Task0.V0.csproj", "{468FF28F-6320-464E-A7F8-0B4375A010D0}"
EndProject
Project("{2150E333-8FDC-42A3-9474-1A3956D46DE8}") = "Task1", "Task1", "{8A91FD3F-EFA0-49BC-AB44-CC91A4CD98D6}"
EndProject
Project("{FAE04EC0-301F-11D3-BF4B-00C04F79EFBC}") = "Tyuiu.KubrikND.Sprint0.Task1.V0", "Tyuiu.KubrikND.Sprint0.Task1.V0\Tyuiu.KubrikND.Sprint0.Task1.V0.csproj", "{A6D7B70D-DEA8-4328-9D50-C7876614AD46}"
EndProject
Project("{2150E333-8FDC-42A3-9474-1A3956D46DE8}") = "Task2", "Task2", "{797282A8-E354-42D5-8C75-C25E025ED451}"
EndProject
Project("{FAE04EC0-301F-11D3-BF4B-00C04F79EFBC}") = "Tyuiu.KubrikND.Sprint0.Task2.V0", "Tyuiu.KubrikND.Sprint0.Task2,V0\Tyuiu.KubrikND.Sprint0.Task2.V0.csproj", "{3489927B-4CC7-4E31-AD78-2B32516521E2}"
EndProject
Project("{FAE04EC0-301F-11D3-BF4B-00C04F79EFBC}") = "Tyuiu.KubrikND.Sprint0.Task2.V0.Lib", "Tyuiu.KubrikND.Sprint0.Task2.V0.Lib\Tyuiu.KubrikND.Sprint0.Task2.V0.Lib.csproj", "{8786ECA4-B262-4596-BF36-4712D02EC1F5}"
EndProject
Project("{FAE04EC0-301F-11D3-BF4B-00C04F79EFBC}") = "Tyuiu.KubrikND.Sprint0.Task2.V0.Test", "Tyuiu.KubrikND.Sprint0.Task2.V0.Test\Tyuiu.KubrikND.Sprint0.Task2.V0.Test.csproj", "{219EB0FB-8460-4488-89BA-3F6E4672E52C}"
EndProject
Project("{2150E333-8FDC-42A3-9474-1A3956D46DE8}") = "Task3", "Task3", "{8F72B3F5-FD61-412E-8786-055F7880F846}"
EndProject
Project("{FAE04EC0-301F-11D3-BF4B-00C04F79EFBC}") = "Tyuiu.KubrikND.Sprint0.Task3.V0.Test", "Tyuiu.KubrikND.Sprint0.Task3.V0.Test\Tyuiu.KubrikND.Sprint0.Task3.V0.Test.csproj", "{CF749EFD-DAB9-4406-B954-675D211AE567}"
EndProject
Project("{FAE04EC0-301F-11D3-BF4B-00C04F79EFBC}") = "Tyuiu.KubrikND.Sprint0.Task3.V0.Lib", "Tyuiu.KubrikND.Sprint0.Task3.V0.Lib\Tyuiu.KubrikND.Sprint0.Task3.V0.Lib.csproj", "{C377CDD7-8EDC-4484-BE4C-AC40363D34EC}"
EndProject
Project("{FAE04EC0-301F-11D3-BF4B-00C04F79EFBC}") = "Tyuiu.KubrikND.Sprint0.Task3.V0", "Tyuiu.KubrikND.Sprint0.Task3.V0\Tyuiu.KubrikND.Sprint0.Task3.V0.csproj", "{5CFFCF1A-8181-44FA-906D-88CD85FA0A97}"
EndProject
Project("{2150E333-8FDC-42A3-9474-1A3956D46DE8}") = "Task4", "Task4", "{F3FED0F6-6F04-4AAA-8BF9-8FE7B92B0B7E}"
EndProject
Project("{FAE04EC0-301F-11D3-BF4B-00C04F79EFBC}") = "Tyuiu.KubrikND.Sprint0.Task4.V0.Lib", "Tyuiu.KubrikND.Sprint0.Task4.V0.Lib\Tyuiu.KubrikND.Sprint0.Task4.V0.Lib.csproj", "{B60C8C8D-86F5-4A6B-8506-56BDAFF9C5A6}"
EndProject
Project("{FAE04EC0-301F-11D3-BF4B-00C04F79EFBC}") = "Tyuiu.KubrikND.Sprint0.Task4.V0", "Tyuiu.KubrikND.Sprint0.Task4.V0\Tyuiu.KubrikND.Sprint0.Task4.V0.csproj", "{792FFE38-217F-47D9-8991-1BC11394DDC3}"
EndProject
Project("{FAE04EC0-301F-11D3-BF4B-00C04F79EFBC}") = "Tyuiu.KubrikND.Sprint0.Task4.V0.Test", "Tyuiu.KubrikND.Sprint0.Task4.V0.Test\Tyuiu.KubrikND.Sprint0.Task4.V0.Test.csproj", "{42E4270D-E0DC-4B62-A24B-BAD58B119FD1}"
EndProject
Project("{2150E333-8FDC-42A3-9474-1A3956D46DE8}") = "Task5", "Task5", "{3AC50252-7B27-4E5D-9293-F54FA66AE3BE}"
EndProject
Project("{FAE04EC0-301F-11D3-BF4B-00C04F79EFBC}") = "Tyuiu.KubrikND.Sprint0.Task5.V0.Test", "Tyuiu.KubrikND.Sprint0.Task5.V0.Test\Tyuiu.KubrikND.Sprint0.Task5.V0.Test.csproj", "{F48F56D7-8FBB-4F37-92E7-DF3B1A3B662C}"
EndProject
Project("{FAE04EC0-301F-11D3-BF4B-00C04F79EFBC}") = "Tyuiu.KubrikND.Sprint0.Task5.V0", "Tyuiu.KubrikND.Sprint0.Task5.V0\Tyuiu.KubrikND.Sprint0.Task5.V0.csproj", "{90CD1F89-0A30-45A8-96EE-1953F00392DC}"
EndProject
Project("{FAE04EC0-301F-11D3-BF4B-00C04F79EFBC}") = "Tyuiu.KubrikND.Sprint0.Task5.V0.Lib", "Tyuiu.KubrikND.Sprint0.Task5.V0.Lib\Tyuiu.KubrikND.Sprint0.Task5.V0.Lib.csproj", "{51990A8A-A768-4B31-8D9A-52458E69176F}"
EndProject
Global
	GlobalSection(SolutionConfigurationPlatforms) = preSolution
		Debug|Any CPU = Debug|Any CPU
		Release|Any CPU = Release|Any CPU
	EndGlobalSection
	GlobalSection(ProjectConfigurationPlatforms) = postSolution
		{468FF28F-6320-464E-A7F8-0B4375A010D0}.Debug|Any CPU.ActiveCfg = Debug|Any CPU
		{468FF28F-6320-464E-A7F8-0B4375A010D0}.Debug|Any CPU.Build.0 = Debug|Any CPU
		{468FF28F-6320-464E-A7F8-0B4375A010D0}.Release|Any CPU.ActiveCfg = Release|Any CPU
		{468FF28F-6320-464E-A7F8-0B4375A010D0}.Release|Any CPU.Build.0 = Release|Any CPU
		{A6D7B70D-DEA8-4328-9D50-C7876614AD46}.Debug|Any CPU.ActiveCfg = Debug|Any CPU
		{A6D7B70D-DEA8-4328-9D50-C7876614AD46}.Debug|Any CPU.Build.0 = Debug|Any CPU
		{A6D7B70D-DEA8-4328-9D50-C7876614AD46}.Release|Any CPU.ActiveCfg = Release|Any CPU
		{A6D7B70D-DEA8-4328-9D50-C7876614AD46}.Release|Any CPU.Build.0 = Release|Any CPU
		{3489927B-4CC7-4E31-AD78-2B32516521E2}.Debug|Any CPU.ActiveCfg = Debug|Any CPU
		{3489927B-4CC7-4E31-AD78-2B32516521E2}.Debug|Any CPU.Build.0 = Debug|Any CPU
		{3489927B-4CC7-4E31-AD78-2B32516521E2}.Release|Any CPU.ActiveCfg = Release|Any CPU
		{3489927B-4CC7-4E31-AD78-2B32516521E2}.Release|Any CPU.Build.0 = Release|Any CPU
		{8786ECA4-B262-4596-BF36-4712D02EC1F5}.Debug|Any CPU.ActiveCfg = Debug|Any CPU
		{8786ECA4-B262-4596-BF36-4712D02EC1F5}.Debug|Any CPU.Build.0 = Debug|Any CPU
		{8786ECA4-B262-4596-BF36-4712D02EC1F5}.Release|Any CPU.ActiveCfg = Release|Any CPU
		{8786ECA4-B262-4596-BF36-4712D02EC1F5}.Release|Any CPU.Build.0 = Release|Any CPU
		{219EB0FB-8460-4488-89BA-3F6E4672E52C}.Debug|Any CPU.ActiveCfg = Debug|Any CPU
		{219EB0FB-8460-4488-89BA-3F6E4672E52C}.Debug|Any CPU.Build.0 = Debug|Any CPU
		{219EB0FB-8460-4488-89BA-3F6E4672E52C}.Release|Any CPU.ActiveCfg = Release|Any CPU
		{219EB0FB-8460-4488-89BA-3F6E4672E52C}.Release|Any CPU.Build.0 = Release|Any CPU
		{CF749EFD-DAB9-4406-B954-675D211AE567}.Debug|Any CPU.ActiveCfg = Debug|Any CPU
		{CF749EFD-DAB9-4406-B954-675D211AE567}.Debug|Any CPU.Build.0 = Debug|Any CPU
		{CF749EFD-DAB9-4406-B954-675D211AE567}.Release|Any CPU.ActiveCfg = Release|Any CPU
		{CF749EFD-DAB9-4406-B954-675D211AE567}.Release|Any CPU.Build.0 = Release|Any CPU
		{C377CDD7-8EDC-4484-BE4C-AC40363D34EC}.Debug|Any CPU.ActiveCfg = Debug|Any CPU
		{C377CDD7-8EDC-4484-BE4C-AC40363D34EC}.Debug|Any CPU.Build.0 = Debug|Any CPU
		{C377CDD7-8EDC-4484-BE4C-AC40363D34EC}.Release|Any CPU.ActiveCfg = Release|Any CPU
		{C377CDD7-8EDC-4484-BE4C-AC40363D34EC}.Release|Any CPU.Build.0 = Release|Any CPU
		{5CFFCF1A-8181-44FA-906D-88CD85FA0A97}.Debug|Any CPU.ActiveCfg = Debug|Any CPU
		{5CFFCF1A-8181-44FA-906D-88CD85FA0A97}.Debug|Any CPU.Build.0 = Debug|Any CPU
		{5CFFCF1A-8181-44FA-906D-88CD85FA0A97}.Release|Any CPU.ActiveCfg = Release|Any CPU
		{5CFFCF1A-8181-44FA-906D-88CD85FA0A97}.Release|Any CPU.Build.0 = Release|Any CPU
		{B60C8C8D-86F5-4A6B-8506-56BDAFF9C5A6}.Debug|Any CPU.ActiveCfg = Debug|Any CPU
		{B60C8C8D-86F5-4A6B-8506-56BDAFF9C5A6}.Debug|Any CPU.Build.0 = Debug|Any CPU
		{B60C8C8D-86F5-4A6B-8506-56BDAFF9C5A6}.Release|Any CPU.ActiveCfg = Release|Any CPU
		{B60C8C8D-86F5-4A6B-8506-56BDAFF9C5A6}.Release|Any CPU.Build.0 = Release|Any CPU
		{792FFE38-217F-47D9-8991-1BC11394DDC3}.Debug|Any CPU.ActiveCfg = Debug|Any CPU
		{792FFE38-217F-47D9-8991-1BC11394DDC3}.Debug|Any CPU.Build.0 = Debug|Any CPU
		{792FFE38-217F-47D9-8991-1BC11394DDC3}.Release|Any CPU.ActiveCfg = Release|Any CPU
		{792FFE38-217F-47D9-8991-1BC11394DDC3}.Release|Any CPU.Build.0 = Release|Any CPU
		{42E4270D-E0DC-4B62-A24B-BAD58B119FD1}.Debug|Any CPU.ActiveCfg = Debug|Any CPU
		{42E4270D-E0DC-4B62-A24B-BAD58B119FD1}.Debug|Any CPU.Build.0 = Debug|Any CPU
		{42E4270D-E0DC-4B62-A24B-BAD58B119FD1}.Release|Any CPU.ActiveCfg = Release|Any CPU
		{42E4270D-E0DC-4B62-A24B-BAD58B119FD1}.Release|Any CPU.Build.0 = Release|Any CPU
		{F48F56D7-8FBB-4F37-92E7-DF3B1A3B662C}.Debug|Any CPU.ActiveCfg = Debug|Any CPU
		{F48F56D7-8FBB-4F37-92E7-DF3B1A3B662C}.Debug|Any CPU.Build.0 = Debug|Any CPU
		{F48F56D7-8FBB-4F37-92E7-DF3B1A3B662C}.Release|Any CPU.ActiveCfg = Release|Any CPU
		{F48F56D7-8FBB-4F37-92E7-DF3B1A3B662C}.Release|Any CPU.Build.0 = Release|Any CPU
		{90CD1F89-0A30-45A8-96EE-1953F00392DC}.Debug|Any CPU.ActiveCfg = Debug|Any CPU
		{90CD1F89-0A30-45A8-96EE-1953F00392DC}.Debug|Any CPU.Build.0 = Debug|Any CPU
		{90CD1F89-0A30-45A8-96EE-1953F00392DC}.Release|Any CPU.ActiveCfg = Release|Any CPU
		{90CD1F89-0A30-45A8-96EE-1953F00392DC}.Release|Any CPU.Build.0 = Release|Any CPU
		{51990A8A-A768-4B31-8D9A-52458E69176F}.Debug|Any CPU.ActiveCfg = Debug|Any CPU
		{51990A8A-A768-4B31-8D9A-52458E69176F}.Debug|Any CPU.Build.0 = Debug|Any CPU
		{51990A8A-A768-4B31-8D9A-52458E69176F}.Release|Any CPU.ActiveCfg = Release|Any CPU
		{51990A8A-A768-4B31-8D9A-52458E69176F}.Release|Any CPU.Build.0 = Release|Any CPU
	EndGlobalSection
	GlobalSection(SolutionProperties) = preSolution
		HideSolutionNode = FALSE
	EndGlobalSection
	GlobalSection(NestedProjects) = preSolution
		{468FF28F-6320-464E-A7F8-0B4375A010D0} = {A96C9C64-CF66-4E4A-BC4D-680D22DB88A8}
		{A6D7B70D-DEA8-4328-9D50-C7876614AD46} = {8A91FD3F-EFA0-49BC-AB44-CC91A4CD98D6}
		{3489927B-4CC7-4E31-AD78-2B32516521E2} = {797282A8-E354-42D5-8C75-C25E025ED451}
		{8786ECA4-B262-4596-BF36-4712D02EC1F5} = {797282A8-E354-42D5-8C75-C25E025ED451}
		{219EB0FB-8460-4488-89BA-3F6E4672E52C} = {797282A8-E354-42D5-8C75-C25E025ED451}
		{CF749EFD-DAB9-4406-B954-675D211AE567} = {8F72B3F5-FD61-412E-8786-055F7880F846}
		{C377CDD7-8EDC-4484-BE4C-AC40363D34EC} = {8F72B3F5-FD61-412E-8786-055F7880F846}
		{5CFFCF1A-8181-44FA-906D-88CD85FA0A97} = {8F72B3F5-FD61-412E-8786-055F7880F846}
		{B60C8C8D-86F5-4A6B-8506-56BDAFF9C5A6} = {F3FED0F6-6F04-4AAA-8BF9-8FE7B92B0B7E}
		{792FFE38-217F-47D9-8991-1BC11394DDC3} = {F3FED0F6-6F04-4AAA-8BF9-8FE7B92B0B7E}
		{42E4270D-E0DC-4B62-A24B-BAD58B119FD1} = {F3FED0F6-6F04-4AAA-8BF9-8FE7B92B0B7E}
		{F48F56D7-8FBB-4F37-92E7-DF3B1A3B662C} = {3AC50252-7B27-4E5D-9293-F54FA66AE3BE}
		{90CD1F89-0A30-45A8-96EE-1953F00392DC} = {3AC50252-7B27-4E5D-9293-F54FA66AE3BE}
		{51990A8A-A768-4B31-8D9A-52458E69176F} = {3AC50252-7B27-4E5D-9293-F54FA66AE3BE}
	EndGlobalSection
	GlobalSection(ExtensibilityGlobals) = postSolution
		SolutionGuid = {0A99E727-D9E1-46E1-9174-B13408DF5C11}
	EndGlobalSection
EndGlobal
